
Microsoft Visual Studio Solution File, Format Version 10.00
# Visual C++ Express 2008
Project("{8BC9CEB8-8B4A-11D0-8D11-00A0C91BC942}") = "libsidplay", "libsidplay.vcproj", "{DC570888-0266-433C-AF2B-55FC008FBBAB}"
EndProject
Global
	GlobalSection(SolutionConfigurationPlatforms) = preSolution
		Debug|Win32 = Debug|Win32
		Release|Win32 = Release|Win32
	EndGlobalSection
	GlobalSection(ProjectConfigurationPlatforms) = postSolution
		{DC570888-0266-433C-AF2B-55FC008FBBAB}.Debug|Win32.ActiveCfg = Release|Win32
		{DC570888-0266-433C-AF2B-55FC008FBBAB}.Debug|Win32.Build.0 = Release|Win32
		{DC570888-0266-433C-AF2B-55FC008FBBAB}.Release|Win32.ActiveCfg = Release|Win32
		{DC570888-0266-433C-AF2B-55FC008FBBAB}.Release|Win32.Build.0 = Release|Win32
	EndGlobalSection
	GlobalSection(SolutionProperties) = preSolution
		HideSolutionNode = FALSE
	EndGlobalSection
EndGlobal
